
Microsoft Visual Studio Solution File, Format Version 12.00
# Visual Studio Version 16
VisualStudioVersion = 16.0.31727.386
MinimumVisualStudioVersion = 10.0.40219.1
Project("{FAE04EC0-301F-11D3-BF4B-00C04F79EFBC}") = "CS322-DZ09-AndrijanaJovanovic3918", "CS322-DZ09-AndrijanaJovanovic3918\CS322-DZ09-AndrijanaJovanovic3918.csproj", "{D00327EC-C85A-4870-A25E-2865EA6BA619}"
EndProject
Global
	GlobalSection(SolutionConfigurationPlatforms) = preSolution
		Debug|Any CPU = Debug|Any CPU
		Release|Any CPU = Release|Any CPU
	EndGlobalSection
	GlobalSection(ProjectConfigurationPlatforms) = postSolution
		{D00327EC-C85A-4870-A25E-2865EA6BA619}.Debug|Any CPU.ActiveCfg = Debug|Any CPU
		{D00327EC-C85A-4870-A25E-2865EA6BA619}.Debug|Any CPU.Build.0 = Debug|Any CPU
		{D00327EC-C85A-4870-A25E-2865EA6BA619}.Release|Any CPU.ActiveCfg = Release|Any CPU
		{D00327EC-C85A-4870-A25E-2865EA6BA619}.Release|Any CPU.Build.0 = Release|Any CPU
	EndGlobalSection
	GlobalSection(SolutionProperties) = preSolution
		HideSolutionNode = FALSE
	EndGlobalSection
	GlobalSection(ExtensibilityGlobals) = postSolution
		SolutionGuid = {1C8E11B2-3174-4444-9168-E0A5E35A02A6}
	EndGlobalSection
EndGlobal
